
Microsoft Visual Studio Solution File, Format Version 12.00
# Visual Studio Version 17
VisualStudioVersion = 17.14.37111.16 d17.14
MinimumVisualStudioVersion = 10.0.40219.1
Project("{FAE04EC0-301F-11D3-BF4B-00C04F79EFBC}") = "TroopsDropAllWeapons", "TroopsDropAllWeapons.csproj", "{2362E208-3E81-7B9B-6799-AC84EE4E2F7B}"
EndProject
Global
	GlobalSection(SolutionConfigurationPlatforms) = preSolution
		Debug|x64 = Debug|x64
		Release|x64 = Release|x64
	EndGlobalSection
	GlobalSection(ProjectConfigurationPlatforms) = postSolution
		{2362E208-3E81-7B9B-6799-AC84EE4E2F7B}.Debug|x64.ActiveCfg = Debug|x64
		{2362E208-3E81-7B9B-6799-AC84EE4E2F7B}.Debug|x64.Build.0 = Debug|x64
		{2362E208-3E81-7B9B-6799-AC84EE4E2F7B}.Release|x64.ActiveCfg = Release|x64
		{2362E208-3E81-7B9B-6799-AC84EE4E2F7B}.Release|x64.Build.0 = Release|x64
	EndGlobalSection
	GlobalSection(SolutionProperties) = preSolution
		HideSolutionNode = FALSE
	EndGlobalSection
	GlobalSection(ExtensibilityGlobals) = postSolution
		SolutionGuid = {D1488BE4-34F2-4EAC-BA10-2C6E57625368}
	EndGlobalSection
EndGlobal
